<?xml version="1.0" encoding="utf-8"?>
<Project ToolsVersion="17.0" xmlns="http://schemas.microsoft.com/developer/msbuild/2003">
  <ItemGroup>
    <ClCompile Include="C:\Users\tomma\Desktop\Opensim OMNIBUS\CMC-like-Simulator - Claude\tools\online_grf_contact\OnlineGRFSphereHalfSpaceForce.cpp">
      <Filter>Source Files</Filter>
    </ClCompile>
    <ClCompile Include="C:\Users\tomma\Desktop\Opensim OMNIBUS\CMC-like-Simulator - Claude\tools\online_grf_contact\Plugin_interface.cpp">
      <Filter>Source Files</Filter>
    </ClCompile>
  </ItemGroup>
  <ItemGroup>
    <CustomBuild Include="C:\Users\tomma\Desktop\Opensim OMNIBUS\CMC-like-Simulator - Claude\tools\online_grf_contact\CMakeLists.txt" />
  </ItemGroup>
  <ItemGroup>
    <Filter Include="Source Files">
      <UniqueIdentifier>{10E5A35E-57D0-3206-AD9D-051CCA8C9DD7}</UniqueIdentifier>
    </Filter>
  </ItemGroup>
</Project>
