
Microsoft Visual Studio Solution File, Format Version 12.00
# Visual Studio Version 17
Project("{8BC9CEB8-8B4A-11D0-8D11-00A0C91BC942}") = "ALL_BUILD", "ALL_BUILD.vcxproj", "{C6F68078-B2FD-3DFA-9A39-056DC524F832}"
	ProjectSection(ProjectDependencies) = postProject
		{A380930D-405A-361C-9261-E8180822C2A9} = {A380930D-405A-361C-9261-E8180822C2A9}
		{98404E36-CDAE-3400-A6D3-D1668235E047} = {98404E36-CDAE-3400-A6D3-D1668235E047}
	EndProjectSection
EndProject
Project("{8BC9CEB8-8B4A-11D0-8D11-00A0C91BC942}") = "OnlineGRFContact", "OnlineGRFContact.vcxproj", "{A380930D-405A-361C-9261-E8180822C2A9}"
	ProjectSection(ProjectDependencies) = postProject
		{98404E36-CDAE-3400-A6D3-D1668235E047} = {98404E36-CDAE-3400-A6D3-D1668235E047}
	EndProjectSection
EndProject
Project("{8BC9CEB8-8B4A-11D0-8D11-00A0C91BC942}") = "ZERO_CHECK", "ZERO_CHECK.vcxproj", "{98404E36-CDAE-3400-A6D3-D1668235E047}"
	ProjectSection(ProjectDependencies) = postProject
	EndProjectSection
EndProject
Global
	GlobalSection(SolutionConfigurationPlatforms) = preSolution
		Debug|x64 = Debug|x64
		Release|x64 = Release|x64
		MinSizeRel|x64 = MinSizeRel|x64
		RelWithDebInfo|x64 = RelWithDebInfo|x64
	EndGlobalSection
	GlobalSection(ProjectConfigurationPlatforms) = postSolution
		{C6F68078-B2FD-3DFA-9A39-056DC524F832}.Debug|x64.ActiveCfg = Debug|x64
		{C6F68078-B2FD-3DFA-9A39-056DC524F832}.Release|x64.ActiveCfg = Release|x64
		{C6F68078-B2FD-3DFA-9A39-056DC524F832}.MinSizeRel|x64.ActiveCfg = MinSizeRel|x64
		{C6F68078-B2FD-3DFA-9A39-056DC524F832}.RelWithDebInfo|x64.ActiveCfg = RelWithDebInfo|x64
		{A380930D-405A-361C-9261-E8180822C2A9}.Debug|x64.ActiveCfg = Debug|x64
		{A380930D-405A-361C-9261-E8180822C2A9}.Debug|x64.Build.0 = Debug|x64
		{A380930D-405A-361C-9261-E8180822C2A9}.Release|x64.ActiveCfg = Release|x64
		{A380930D-405A-361C-9261-E8180822C2A9}.Release|x64.Build.0 = Release|x64
		{A380930D-405A-361C-9261-E8180822C2A9}.MinSizeRel|x64.ActiveCfg = MinSizeRel|x64
		{A380930D-405A-361C-9261-E8180822C2A9}.MinSizeRel|x64.Build.0 = MinSizeRel|x64
		{A380930D-405A-361C-9261-E8180822C2A9}.RelWithDebInfo|x64.ActiveCfg = RelWithDebInfo|x64
		{A380930D-405A-361C-9261-E8180822C2A9}.RelWithDebInfo|x64.Build.0 = RelWithDebInfo|x64
		{98404E36-CDAE-3400-A6D3-D1668235E047}.Debug|x64.ActiveCfg = Debug|x64
		{98404E36-CDAE-3400-A6D3-D1668235E047}.Debug|x64.Build.0 = Debug|x64
		{98404E36-CDAE-3400-A6D3-D1668235E047}.Release|x64.ActiveCfg = Release|x64
		{98404E36-CDAE-3400-A6D3-D1668235E047}.Release|x64.Build.0 = Release|x64
		{98404E36-CDAE-3400-A6D3-D1668235E047}.MinSizeRel|x64.ActiveCfg = MinSizeRel|x64
		{98404E36-CDAE-3400-A6D3-D1668235E047}.MinSizeRel|x64.Build.0 = MinSizeRel|x64
		{98404E36-CDAE-3400-A6D3-D1668235E047}.RelWithDebInfo|x64.ActiveCfg = RelWithDebInfo|x64
		{98404E36-CDAE-3400-A6D3-D1668235E047}.RelWithDebInfo|x64.Build.0 = RelWithDebInfo|x64
	EndGlobalSection
	GlobalSection(ExtensibilityGlobals) = postSolution
		SolutionGuid = {D4FE3BE5-C190-3D07-B020-700F062B85C4}
	EndGlobalSection
	GlobalSection(ExtensibilityAddIns) = postSolution
	EndGlobalSection
EndGlobal
