<?xml version="1.0" encoding="utf-8"?>
<Project ToolsVersion="17.0" xmlns="http://schemas.microsoft.com/developer/msbuild/2003">
  <ItemGroup>
    <CustomBuild Include="C:\Users\tomma\Desktop\Opensim OMNIBUS\CMC-like-Simulator - Claude\build_online_grf\CMakeFiles\bab068c8150e16e639d196f39ff6cb46\generate.stamp.rule">
      <Filter>CMake Rules</Filter>
    </CustomBuild>
  </ItemGroup>
  <ItemGroup>
    <Filter Include="CMake Rules">
      <UniqueIdentifier>{98D0487E-6D66-3359-AC24-4773CF5A5F60}</UniqueIdentifier>
    </Filter>
  </ItemGroup>
</Project>
